
Microsoft Visual Studio Solution File, Format Version 12.00
Project("{FAE04EC0-301F-11D3-BF4B-00C04F79EFBC}") = "Assist", "Assist.csproj", "{EAB15ED8-08F7-4E95-BF1C-852BB26CAEB5}"
EndProject
Global
	GlobalSection(SolutionConfigurationPlatforms) = preSolution
		Debug|Any CPU = Debug|Any CPU
		Release|Any CPU = Release|Any CPU
	EndGlobalSection
	GlobalSection(ProjectConfigurationPlatforms) = postSolution
		{EAB15ED8-08F7-4E95-BF1C-852BB26CAEB5}.Debug|Any CPU.ActiveCfg = Debug|Any CPU
		{EAB15ED8-08F7-4E95-BF1C-852BB26CAEB5}.Debug|Any CPU.Build.0 = Debug|Any CPU
		{EAB15ED8-08F7-4E95-BF1C-852BB26CAEB5}.Release|Any CPU.ActiveCfg = Release|Any CPU
		{EAB15ED8-08F7-4E95-BF1C-852BB26CAEB5}.Release|Any CPU.Build.0 = Release|Any CPU
		{87822688-AA35-467C-987C-1A41FA997E2E}.Debug|Any CPU.ActiveCfg = Debug|Any CPU
		{87822688-AA35-467C-987C-1A41FA997E2E}.Debug|Any CPU.Build.0 = Debug|Any CPU
		{87822688-AA35-467C-987C-1A41FA997E2E}.Release|Any CPU.ActiveCfg = Release|Any CPU
		{87822688-AA35-467C-987C-1A41FA997E2E}.Release|Any CPU.Build.0 = Release|Any CPU
	EndGlobalSection
EndGlobal
